// !$*UTF8*$!
{
	archiveVersion = 1;
	classes = {
	};
	objectVersion = 56;
	objects = {

/* Begin PBXBuildFile section */
		E174CE6B2BFEDE4B007B903A /* ListsModule.swift in Sources */ = {isa = PBXBuildFile; fileRef = E174CE6A2BFEDE4B007B903A /* ListsModule.swift */; };
		E191E6422BFDE84D0033B69E /* ScrollViewsModule.swift in Sources */ = {isa = PBXBuildFile; fileRef = E191E6412BFDE84D0033B69E /* ScrollViewsModule.swift */; };
		E191E6452BFDF4A30033B69E /* GridsModule.swift in Sources */ = {isa = PBXBuildFile; fileRef = E191E6442BFDF4A30033B69E /* GridsModule.swift */; };
		E1BB4F302BF99C8900FC6B7A /* SwiftUIBootcampApp.swift in Sources */ = {isa = PBXBuildFile; fileRef = E1BB4F2F2BF99C8900FC6B7A /* SwiftUIBootcampApp.swift */; };
		E1BB4F322BF99C8900FC6B7A /* ContentView.swift in Sources */ = {isa = PBXBuildFile; fileRef = E1BB4F312BF99C8900FC6B7A /* ContentView.swift */; };
		E1BB4F342BF99C8A00FC6B7A /* Assets.xcassets in Resources */ = {isa = PBXBuildFile; fileRef = E1BB4F332BF99C8A00FC6B7A /* Assets.xcassets */; };
		E1BB4F372BF99C8A00FC6B7A /* Preview Assets.xcassets in Resources */ = {isa = PBXBuildFile; fileRef = E1BB4F362BF99C8A00FC6B7A /* Preview Assets.xcassets */; };
		E1BB4F3F2BF9A58A00FC6B7A /* TextModule.swift in Sources */ = {isa = PBXBuildFile; fileRef = E1BB4F3E2BF9A58A00FC6B7A /* TextModule.swift */; };
		E1BB4F432BF9AA2D00FC6B7A /* ShapesModule.swift in Sources */ = {isa = PBXBuildFile; fileRef = E1BB4F422BF9AA2D00FC6B7A /* ShapesModule.swift */; };
		E1BB4F482BF9F43200FC6B7A /* ImagesModule.swift in Sources */ = {isa = PBXBuildFile; fileRef = E1BB4F472BF9F43200FC6B7A /* ImagesModule.swift */; };
		E1BB4F4B2BF9FC7000FC6B7A /* StacksModule.swift in Sources */ = {isa = PBXBuildFile; fileRef = E1BB4F4A2BF9FC7000FC6B7A /* StacksModule.swift */; };
		E1BB4F4E2BFADE2E00FC6B7A /* StacksChallenge.swift in Sources */ = {isa = PBXBuildFile; fileRef = E1BB4F4D2BFADE2E00FC6B7A /* StacksChallenge.swift */; };
		E1BB4F512BFB163100FC6B7A /* PaddingModule.swift in Sources */ = {isa = PBXBuildFile; fileRef = E1BB4F502BFB163100FC6B7A /* PaddingModule.swift */; };
		E1BB4F542BFB19FA00FC6B7A /* SpacersModule.swift in Sources */ = {isa = PBXBuildFile; fileRef = E1BB4F532BFB19FA00FC6B7A /* SpacersModule.swift */; };
		E1BB4F572BFB237C00FC6B7A /* LoopsModule.swift in Sources */ = {isa = PBXBuildFile; fileRef = E1BB4F562BFB237C00FC6B7A /* LoopsModule.swift */; };
/* End PBXBuildFile section */

/* Begin PBXFileReference section */
		E174CE6A2BFEDE4B007B903A /* ListsModule.swift */ = {isa = PBXFileReference; lastKnownFileType = sourcecode.swift; path = ListsModule.swift; sourceTree = "<group>"; };
		E191E6412BFDE84D0033B69E /* ScrollViewsModule.swift */ = {isa = PBXFileReference; lastKnownFileType = sourcecode.swift; path = ScrollViewsModule.swift; sourceTree = "<group>"; };
		E191E6442BFDF4A30033B69E /* GridsModule.swift */ = {isa = PBXFileReference; lastKnownFileType = sourcecode.swift; path = GridsModule.swift; sourceTree = "<group>"; };
		E1BB4F2C2BF99C8900FC6B7A /* SwiftUIBootcamp.app */ = {isa = PBXFileReference; explicitFileType = wrapper.application; includeInIndex = 0; path = SwiftUIBootcamp.app; sourceTree = BUILT_PRODUCTS_DIR; };
		E1BB4F2F2BF99C8900FC6B7A /* SwiftUIBootcampApp.swift */ = {isa = PBXFileReference; lastKnownFileType = sourcecode.swift; path = SwiftUIBootcampApp.swift; sourceTree = "<group>"; };
		E1BB4F312BF99C8900FC6B7A /* ContentView.swift */ = {isa = PBXFileReference; lastKnownFileType = sourcecode.swift; path = ContentView.swift; sourceTree = "<group>"; };
		E1BB4F332BF99C8A00FC6B7A /* Assets.xcassets */ = {isa = PBXFileReference; lastKnownFileType = folder.assetcatalog; path = Assets.xcassets; sourceTree = "<group>"; };
		E1BB4F362BF99C8A00FC6B7A /* Preview Assets.xcassets */ = {isa = PBXFileReference; lastKnownFileType = folder.assetcatalog; path = "Preview Assets.xcassets"; sourceTree = "<group>"; };
		E1BB4F3E2BF9A58A00FC6B7A /* TextModule.swift */ = {isa = PBXFileReference; lastKnownFileType = sourcecode.swift; path = TextModule.swift; sourceTree = "<group>"; };
		E1BB4F422BF9AA2D00FC6B7A /* ShapesModule.swift */ = {isa = PBXFileReference; lastKnownFileType = sourcecode.swift; path = ShapesModule.swift; sourceTree = "<group>"; };
		E1BB4F472BF9F43200FC6B7A /* ImagesModule.swift */ = {isa = PBXFileReference; lastKnownFileType = sourcecode.swift; path = ImagesModule.swift; sourceTree = "<group>"; };
		E1BB4F4A2BF9FC7000FC6B7A /* StacksModule.swift */ = {isa = PBXFileReference; lastKnownFileType = sourcecode.swift; path = StacksModule.swift; sourceTree = "<group>"; };
		E1BB4F4D2BFADE2E00FC6B7A /* StacksChallenge.swift */ = {isa = PBXFileReference; lastKnownFileType = sourcecode.swift; path = StacksChallenge.swift; sourceTree = "<group>"; };
		E1BB4F502BFB163100FC6B7A /* PaddingModule.swift */ = {isa = PBXFileReference; lastKnownFileType = sourcecode.swift; path = PaddingModule.swift; sourceTree = "<group>"; };
		E1BB4F532BFB19FA00FC6B7A /* SpacersModule.swift */ = {isa = PBXFileReference; lastKnownFileType = sourcecode.swift; path = SpacersModule.swift; sourceTree = "<group>"; };
		E1BB4F562BFB237C00FC6B7A /* LoopsModule.swift */ = {isa = PBXFileReference; lastKnownFileType = sourcecode.swift; path = LoopsModule.swift; sourceTree = "<group>"; };
/* End PBXFileReference section */

/* Begin PBXFrameworksBuildPhase section */
		E1BB4F292BF99C8900FC6B7A /* Frameworks */ = {
			isa = PBXFrameworksBuildPhase;
			buildActionMask = 2147483647;
			files = (
			);
			runOnlyForDeploymentPostprocessing = 0;
		};
/* End PBXFrameworksBuildPhase section */

/* Begin PBXGroup section */
		E174CE692BFEDE31007B903A /* Lists */ = {
			isa = PBXGroup;
			children = (
				E174CE6A2BFEDE4B007B903A /* ListsModule.swift */,
			);
			path = Lists;
			sourceTree = "<group>";
		};
		E191E6432BFDF4910033B69E /* Grids */ = {
			isa = PBXGroup;
			children = (
				E191E6442BFDF4A30033B69E /* GridsModule.swift */,
			);
			path = Grids;
			sourceTree = "<group>";
		};
		E1BB4F232BF99C8900FC6B7A = {
			isa = PBXGroup;
			children = (
				E1BB4F2E2BF99C8900FC6B7A /* SwiftUIBootcamp */,
				E1BB4F2D2BF99C8900FC6B7A /* Products */,
			);
			sourceTree = "<group>";
		};
		E1BB4F2D2BF99C8900FC6B7A /* Products */ = {
			isa = PBXGroup;
			children = (
				E1BB4F2C2BF99C8900FC6B7A /* SwiftUIBootcamp.app */,
			);
			name = Products;
			sourceTree = "<group>";
		};
		E1BB4F2E2BF99C8900FC6B7A /* SwiftUIBootcamp */ = {
			isa = PBXGroup;
			children = (
				E1BB4F4C2BFADE1A00FC6B7A /* Challenge */,
				E1BB4F442BF9F3C400FC6B7A /* App */,
				E1BB4F452BF9F40800FC6B7A /* Root */,
				E1BB4F3D2BF9A54F00FC6B7A /* Text */,
				E1BB4F412BF9AA0A00FC6B7A /* Shapes */,
				E1BB4F462BF9F41A00FC6B7A /* Images */,
				E1BB4F492BF9FC5500FC6B7A /* Stacks */,
				E1BB4F4F2BFB161900FC6B7A /* Padding */,
				E1BB4F522BFB19E600FC6B7A /* Spacers */,
				E1BB4F552BFB236300FC6B7A /* Loops */,
				E1BB4F582BFD87B700FC6B7A /* ScrollViews */,
				E191E6432BFDF4910033B69E /* Grids */,
				E174CE692BFEDE31007B903A /* Lists */,
				E1BB4F332BF99C8A00FC6B7A /* Assets.xcassets */,
				E1BB4F352BF99C8A00FC6B7A /* Preview Content */,
			);
			path = SwiftUIBootcamp;
			sourceTree = "<group>";
		};
		E1BB4F352BF99C8A00FC6B7A /* Preview Content */ = {
			isa = PBXGroup;
			children = (
				E1BB4F362BF99C8A00FC6B7A /* Preview Assets.xcassets */,
			);
			path = "Preview Content";
			sourceTree = "<group>";
		};
		E1BB4F3D2BF9A54F00FC6B7A /* Text */ = {
			isa = PBXGroup;
			children = (
				E1BB4F3E2BF9A58A00FC6B7A /* TextModule.swift */,
			);
			path = Text;
			sourceTree = "<group>";
		};
		E1BB4F412BF9AA0A00FC6B7A /* Shapes */ = {
			isa = PBXGroup;
			children = (
				E1BB4F422BF9AA2D00FC6B7A /* ShapesModule.swift */,
			);
			path = Shapes;
			sourceTree = "<group>";
		};
		E1BB4F442BF9F3C400FC6B7A /* App */ = {
			isa = PBXGroup;
			children = (
				E1BB4F2F2BF99C8900FC6B7A /* SwiftUIBootcampApp.swift */,
			);
			path = App;
			sourceTree = "<group>";
		};
		E1BB4F452BF9F40800FC6B7A /* Root */ = {
			isa = PBXGroup;
			children = (
				E1BB4F312BF99C8900FC6B7A /* ContentView.swift */,
			);
			path = Root;
			sourceTree = "<group>";
		};
		E1BB4F462BF9F41A00FC6B7A /* Images */ = {
			isa = PBXGroup;
			children = (
				E1BB4F472BF9F43200FC6B7A /* ImagesModule.swift */,
			);
			path = Images;
			sourceTree = "<group>";
		};
		E1BB4F492BF9FC5500FC6B7A /* Stacks */ = {
			isa = PBXGroup;
			children = (
				E1BB4F4A2BF9FC7000FC6B7A /* StacksModule.swift */,
			);
			path = Stacks;
			sourceTree = "<group>";
		};
		E1BB4F4C2BFADE1A00FC6B7A /* Challenge */ = {
			isa = PBXGroup;
			children = (
				E1BB4F4D2BFADE2E00FC6B7A /* StacksChallenge.swift */,
			);
			path = Challenge;
			sourceTree = "<group>";
		};
		E1BB4F4F2BFB161900FC6B7A /* Padding */ = {
			isa = PBXGroup;
			children = (
				E1BB4F502BFB163100FC6B7A /* PaddingModule.swift */,
			);
			path = Padding;
			sourceTree = "<group>";
		};
		E1BB4F522BFB19E600FC6B7A /* Spacers */ = {
			isa = PBXGroup;
			children = (
				E1BB4F532BFB19FA00FC6B7A /* SpacersModule.swift */,
			);
			path = Spacers;
			sourceTree = "<group>";
		};
		E1BB4F552BFB236300FC6B7A /* Loops */ = {
			isa = PBXGroup;
			children = (
				E1BB4F562BFB237C00FC6B7A /* LoopsModule.swift */,
			);
			path = Loops;
			sourceTree = "<group>";
		};
		E1BB4F582BFD87B700FC6B7A /* ScrollViews */ = {
			isa = PBXGroup;
			children = (
				E191E6412BFDE84D0033B69E /* ScrollViewsModule.swift */,
			);
			path = ScrollViews;
			sourceTree = "<group>";
		};
/* End PBXGroup section */

/* Begin PBXNativeTarget section */
		E1BB4F2B2BF99C8900FC6B7A /* SwiftUIBootcamp */ = {
			isa = PBXNativeTarget;
			buildConfigurationList = E1BB4F3A2BF99C8A00FC6B7A /* Build configuration list for PBXNativeTarget "SwiftUIBootcamp" */;
			buildPhases = (
				E1BB4F282BF99C8900FC6B7A /* Sources */,
				E1BB4F292BF99C8900FC6B7A /* Frameworks */,
				E1BB4F2A2BF99C8900FC6B7A /* Resources */,
			);
			buildRules = (
			);
			dependencies = (
			);
			name = SwiftUIBootcamp;
			productName = SwiftUIBootcamp;
			productReference = E1BB4F2C2BF99C8900FC6B7A /* SwiftUIBootcamp.app */;
			productType = "com.apple.product-type.application";
		};
/* End PBXNativeTarget section */

/* Begin PBXProject section */
		E1BB4F242BF99C8900FC6B7A /* Project object */ = {
			isa = PBXProject;
			attributes = {
				BuildIndependentTargetsInParallel = 1;
				LastSwiftUpdateCheck = 1520;
				LastUpgradeCheck = 1520;
				TargetAttributes = {
					E1BB4F2B2BF99C8900FC6B7A = {
						CreatedOnToolsVersion = 15.2;
					};
				};
			};
			buildConfigurationList = E1BB4F272BF99C8900FC6B7A /* Build configuration list for PBXProject "SwiftUIBootcamp" */;
			compatibilityVersion = "Xcode 14.0";
			developmentRegion = en;
			hasScannedForEncodings = 0;
			knownRegions = (
				en,
				Base,
			);
			mainGroup = E1BB4F232BF99C8900FC6B7A;
			productRefGroup = E1BB4F2D2BF99C8900FC6B7A /* Products */;
			projectDirPath = "";
			projectRoot = "";
			targets = (
				E1BB4F2B2BF99C8900FC6B7A /* SwiftUIBootcamp */,
			);
		};
/* End PBXProject section */

/* Begin PBXResourcesBuildPhase section */
		E1BB4F2A2BF99C8900FC6B7A /* Resources */ = {
			isa = PBXResourcesBuildPhase;
			buildActionMask = 2147483647;
			files = (
				E1BB4F372BF99C8A00FC6B7A /* Preview Assets.xcassets in Resources */,
				E1BB4F342BF99C8A00FC6B7A /* Assets.xcassets in Resources */,
			);
			runOnlyForDeploymentPostprocessing = 0;
		};
/* End PBXResourcesBuildPhase section */

/* Begin PBXSourcesBuildPhase section */
		E1BB4F282BF99C8900FC6B7A /* Sources */ = {
			isa = PBXSourcesBuildPhase;
			buildActionMask = 2147483647;
			files = (
				E174CE6B2BFEDE4B007B903A /* ListsModule.swift in Sources */,
				E1BB4F4B2BF9FC7000FC6B7A /* StacksModule.swift in Sources */,
				E1BB4F542BFB19FA00FC6B7A /* SpacersModule.swift in Sources */,
				E1BB4F482BF9F43200FC6B7A /* ImagesModule.swift in Sources */,
				E191E6452BFDF4A30033B69E /* GridsModule.swift in Sources */,
				E1BB4F4E2BFADE2E00FC6B7A /* StacksChallenge.swift in Sources */,
				E1BB4F512BFB163100FC6B7A /* PaddingModule.swift in Sources */,
				E1BB4F3F2BF9A58A00FC6B7A /* TextModule.swift in Sources */,
				E1BB4F322BF99C8900FC6B7A /* ContentView.swift in Sources */,
				E1BB4F302BF99C8900FC6B7A /* SwiftUIBootcampApp.swift in Sources */,
				E191E6422BFDE84D0033B69E /* ScrollViewsModule.swift in Sources */,
				E1BB4F432BF9AA2D00FC6B7A /* ShapesModule.swift in Sources */,
				E1BB4F572BFB237C00FC6B7A /* LoopsModule.swift in Sources */,
			);
			runOnlyForDeploymentPostprocessing = 0;
		};
/* End PBXSourcesBuildPhase section */

/* Begin XCBuildConfiguration section */
		E1BB4F382BF99C8A00FC6B7A /* Debug */ = {
			isa = XCBuildConfiguration;
			buildSettings = {
				ALWAYS_SEARCH_USER_PATHS = NO;
				ASSETCATALOG_COMPILER_GENERATE_SWIFT_ASSET_SYMBOL_EXTENSIONS = YES;
				CLANG_ANALYZER_NONNULL = YES;
				CLANG_ANALYZER_NUMBER_OBJECT_CONVERSION = YES_AGGRESSIVE;
				CLANG_CXX_LANGUAGE_STANDARD = "gnu++20";
				CLANG_ENABLE_MODULES = YES;
				CLANG_ENABLE_OBJC_ARC = YES;
				CLANG_ENABLE_OBJC_WEAK = YES;
				CLANG_WARN_BLOCK_CAPTURE_AUTORELEASING = YES;
				CLANG_WARN_BOOL_CONVERSION = YES;
				CLANG_WARN_COMMA = YES;
				CLANG_WARN_CONSTANT_CONVERSION = YES;
				CLANG_WARN_DEPRECATED_OBJC_IMPLEMENTATIONS = YES;
				CLANG_WARN_DIRECT_OBJC_ISA_USAGE = YES_ERROR;
				CLANG_WARN_DOCUMENTATION_COMMENTS = YES;
				CLANG_WARN_EMPTY_BODY = YES;
				CLANG_WARN_ENUM_CONVERSION = YES;
				CLANG_WARN_INFINITE_RECURSION = YES;
				CLANG_WARN_INT_CONVERSION = YES;
				CLANG_WARN_NON_LITERAL_NULL_CONVERSION = YES;
				CLANG_WARN_OBJC_IMPLICIT_RETAIN_SELF = YES;
				CLANG_WARN_OBJC_LITERAL_CONVERSION = YES;
				CLANG_WARN_OBJC_ROOT_CLASS = YES_ERROR;
				CLANG_WARN_QUOTED_INCLUDE_IN_FRAMEWORK_HEADER = YES;
				CLANG_WARN_RANGE_LOOP_ANALYSIS = YES;
				CLANG_WARN_STRICT_PROTOTYPES = YES;
				CLANG_WARN_SUSPICIOUS_MOVE = YES;
				CLANG_WARN_UNGUARDED_AVAILABILITY = YES_AGGRESSIVE;
				CLANG_WARN_UNREACHABLE_CODE = YES;
				CLANG_WARN__DUPLICATE_METHOD_MATCH = YES;
				COPY_PHASE_STRIP = NO;
				DEBUG_INFORMATION_FORMAT = dwarf;
				ENABLE_STRICT_OBJC_MSGSEND = YES;
				ENABLE_TESTABILITY = YES;
				ENABLE_USER_SCRIPT_SANDBOXING = YES;
				GCC_C_LANGUAGE_STANDARD = gnu17;
				GCC_DYNAMIC_NO_PIC = NO;
				GCC_NO_COMMON_BLOCKS = YES;
				GCC_OPTIMIZATION_LEVEL = 0;
				GCC_PREPROCESSOR_DEFINITIONS = (
					"DEBUG=1",
					"$(inherited)",
				);
				GCC_WARN_64_TO_32_BIT_CONVERSION = YES;
				GCC_WARN_ABOUT_RETURN_TYPE = YES_ERROR;
				GCC_WARN_UNDECLARED_SELECTOR = YES;
				GCC_WARN_UNINITIALIZED_AUTOS = YES_AGGRESSIVE;
				GCC_WARN_UNUSED_FUNCTION = YES;
				GCC_WARN_UNUSED_VARIABLE = YES;
				IPHONEOS_DEPLOYMENT_TARGET = 17.2;
				LOCALIZATION_PREFERS_STRING_CATALOGS = YES;
				MTL_ENABLE_DEBUG_INFO = INCLUDE_SOURCE;
				MTL_FAST_MATH = YES;
				ONLY_ACTIVE_ARCH = YES;
				SDKROOT = iphoneos;
				SWIFT_ACTIVE_COMPILATION_CONDITIONS = "DEBUG $(inherited)";
				SWIFT_OPTIMIZATION_LEVEL = "-Onone";
			};
			name = Debug;
		};
		E1BB4F392BF99C8A00FC6B7A /* Release */ = {
			isa = XCBuildConfiguration;
			buildSettings = {
				ALWAYS_SEARCH_USER_PATHS = NO;
				ASSETCATALOG_COMPILER_GENERATE_SWIFT_ASSET_SYMBOL_EXTENSIONS = YES;
				CLANG_ANALYZER_NONNULL = YES;
				CLANG_ANALYZER_NUMBER_OBJECT_CONVERSION = YES_AGGRESSIVE;
				CLANG_CXX_LANGUAGE_STANDARD = "gnu++20";
				CLANG_ENABLE_MODULES = YES;
				CLANG_ENABLE_OBJC_ARC = YES;
				CLANG_ENABLE_OBJC_WEAK = YES;
				CLANG_WARN_BLOCK_CAPTURE_AUTORELEASING = YES;
				CLANG_WARN_BOOL_CONVERSION = YES;
				CLANG_WARN_COMMA = YES;
				CLANG_WARN_CONSTANT_CONVERSION = YES;
				CLANG_WARN_DEPRECATED_OBJC_IMPLEMENTATIONS = YES;
				CLANG_WARN_DIRECT_OBJC_ISA_USAGE = YES_ERROR;
				CLANG_WARN_DOCUMENTATION_COMMENTS = YES;
				CLANG_WARN_EMPTY_BODY = YES;
				CLANG_WARN_ENUM_CONVERSION = YES;
				CLANG_WARN_INFINITE_RECURSION = YES;
				CLANG_WARN_INT_CONVERSION = YES;
				CLANG_WARN_NON_LITERAL_NULL_CONVERSION = YES;
				CLANG_WARN_OBJC_IMPLICIT_RETAIN_SELF = YES;
				CLANG_WARN_OBJC_LITERAL_CONVERSION = YES;
				CLANG_WARN_OBJC_ROOT_CLASS = YES_ERROR;
				CLANG_WARN_QUOTED_INCLUDE_IN_FRAMEWORK_HEADER = YES;
				CLANG_WARN_RANGE_LOOP_ANALYSIS = YES;
				CLANG_WARN_STRICT_PROTOTYPES = YES;
				CLANG_WARN_SUSPICIOUS_MOVE = YES;
				CLANG_WARN_UNGUARDED_AVAILABILITY = YES_AGGRESSIVE;
				CLANG_WARN_UNREACHABLE_CODE = YES;
				CLANG_WARN__DUPLICATE_METHOD_MATCH = YES;
				COPY_PHASE_STRIP = NO;
				DEBUG_INFORMATION_FORMAT = "dwarf-with-dsym";
				ENABLE_NS_ASSERTIONS = NO;
				ENABLE_STRICT_OBJC_MSGSEND = YES;
				ENABLE_USER_SCRIPT_SANDBOXING = YES;
				GCC_C_LANGUAGE_STANDARD = gnu17;
				GCC_NO_COMMON_BLOCKS = YES;
				GCC_WARN_64_TO_32_BIT_CONVERSION = YES;
				GCC_WARN_ABOUT_RETURN_TYPE = YES_ERROR;
				GCC_WARN_UNDECLARED_SELECTOR = YES;
				GCC_WARN_UNINITIALIZED_AUTOS = YES_AGGRESSIVE;
				GCC_WARN_UNUSED_FUNCTION = YES;
				GCC_WARN_UNUSED_VARIABLE = YES;
				IPHONEOS_DEPLOYMENT_TARGET = 17.2;
				LOCALIZATION_PREFERS_STRING_CATALOGS = YES;
				MTL_ENABLE_DEBUG_INFO = NO;
				MTL_FAST_MATH = YES;
				SDKROOT = iphoneos;
				SWIFT_COMPILATION_MODE = wholemodule;
				VALIDATE_PRODUCT = YES;
			};
			name = Release;
		};
		E1BB4F3B2BF99C8A00FC6B7A /* Debug */ = {
			isa = XCBuildConfiguration;
			buildSettings = {
				ASSETCATALOG_COMPILER_APPICON_NAME = AppIcon;
				ASSETCATALOG_COMPILER_GLOBAL_ACCENT_COLOR_NAME = AccentColor;
				CODE_SIGN_STYLE = Automatic;
				CURRENT_PROJECT_VERSION = 1;
				DEVELOPMENT_ASSET_PATHS = "\"SwiftUIBootcamp/Preview Content\"";
				DEVELOPMENT_TEAM = WUY822VN6L;
				ENABLE_PREVIEWS = YES;
				GENERATE_INFOPLIST_FILE = YES;
				INFOPLIST_KEY_UIApplicationSceneManifest_Generation = YES;
				INFOPLIST_KEY_UIApplicationSupportsIndirectInputEvents = YES;
				INFOPLIST_KEY_UILaunchScreen_Generation = YES;
				INFOPLIST_KEY_UISupportedInterfaceOrientations_iPad = "UIInterfaceOrientationPortrait UIInterfaceOrientationPortraitUpsideDown UIInterfaceOrientationLandscapeLeft UIInterfaceOrientationLandscapeRight";
				INFOPLIST_KEY_UISupportedInterfaceOrientations_iPhone = "UIInterfaceOrientationPortrait UIInterfaceOrientationLandscapeLeft UIInterfaceOrientationLandscapeRight";
				LD_RUNPATH_SEARCH_PATHS = (
					"$(inherited)",
					"@executable_path/Frameworks",
				);
				MARKETING_VERSION = 1.0;
				PRODUCT_BUNDLE_IDENTIFIER = com.amariano.SwiftUIBootcamp;
				PRODUCT_NAME = "$(TARGET_NAME)";
				SWIFT_EMIT_LOC_STRINGS = YES;
				SWIFT_VERSION = 5.0;
				TARGETED_DEVICE_FAMILY = "1,2";
			};
			name = Debug;
		};
		E1BB4F3C2BF99C8A00FC6B7A /* Release */ = {
			isa = XCBuildConfiguration;
			buildSettings = {
				ASSETCATALOG_COMPILER_APPICON_NAME = AppIcon;
				ASSETCATALOG_COMPILER_GLOBAL_ACCENT_COLOR_NAME = AccentColor;
				CODE_SIGN_STYLE = Automatic;
				CURRENT_PROJECT_VERSION = 1;
				DEVELOPMENT_ASSET_PATHS = "\"SwiftUIBootcamp/Preview Content\"";
				DEVELOPMENT_TEAM = WUY822VN6L;
				ENABLE_PREVIEWS = YES;
				GENERATE_INFOPLIST_FILE = YES;
				INFOPLIST_KEY_UIApplicationSceneManifest_Generation = YES;
				INFOPLIST_KEY_UIApplicationSupportsIndirectInputEvents = YES;
				INFOPLIST_KEY_UILaunchScreen_Generation = YES;
				INFOPLIST_KEY_UISupportedInterfaceOrientations_iPad = "UIInterfaceOrientationPortrait UIInterfaceOrientationPortraitUpsideDown UIInterfaceOrientationLandscapeLeft UIInterfaceOrientationLandscapeRight";
				INFOPLIST_KEY_UISupportedInterfaceOrientations_iPhone = "UIInterfaceOrientationPortrait UIInterfaceOrientationLandscapeLeft UIInterfaceOrientationLandscapeRight";
				LD_RUNPATH_SEARCH_PATHS = (
					"$(inherited)",
					"@executable_path/Frameworks",
				);
				MARKETING_VERSION = 1.0;
				PRODUCT_BUNDLE_IDENTIFIER = com.amariano.SwiftUIBootcamp;
				PRODUCT_NAME = "$(TARGET_NAME)";
				SWIFT_EMIT_LOC_STRINGS = YES;
				SWIFT_VERSION = 5.0;
				TARGETED_DEVICE_FAMILY = "1,2";
			};
			name = Release;
		};
/* End XCBuildConfiguration section */

/* Begin XCConfigurationList section */
		E1BB4F272BF99C8900FC6B7A /* Build configuration list for PBXProject "SwiftUIBootcamp" */ = {
			isa = XCConfigurationList;
			buildConfigurations = (
				E1BB4F382BF99C8A00FC6B7A /* Debug */,
				E1BB4F392BF99C8A00FC6B7A /* Release */,
			);
			defaultConfigurationIsVisible = 0;
			defaultConfigurationName = Release;
		};
		E1BB4F3A2BF99C8A00FC6B7A /* Build configuration list for PBXNativeTarget "SwiftUIBootcamp" */ = {
			isa = XCConfigurationList;
			buildConfigurations = (
				E1BB4F3B2BF99C8A00FC6B7A /* Debug */,
				E1BB4F3C2BF99C8A00FC6B7A /* Release */,
			);
			defaultConfigurationIsVisible = 0;
			defaultConfigurationName = Release;
		};
/* End XCConfigurationList section */
	};
	rootObject = E1BB4F242BF99C8900FC6B7A /* Project object */;
}
